{
    "compile": {
        "com.netflix.nebula:nebula-release-plugin": {
            "locked": "4.1.1",
            "requested": "4.1.1"
        }
    },
    "compileClasspath": {
        "com.netflix.nebula:nebula-release-plugin": {
            "locked": "4.1.1",
            "requested": "4.1.1"
        }
    },
    "compileOnly": {
        "com.netflix.nebula:nebula-release-plugin": {
            "locked": "4.1.1",
            "requested": "4.1.1"
        }
    },
    "default": {
        "com.netflix.nebula:nebula-release-plugin": {
            "locked": "4.1.1",
            "requested": "4.1.1"
        }
    },
    "integTestCompile": {
        "com.netflix.nebula:nebula-release-plugin": {
            "locked": "4.1.1",
            "requested": "4.1.1"
        },
        "com.netflix.nebula:nebula-test": {
            "locked": "5.0.0",
            "requested": "5.0.0"
        }
    },
    "integTestCompileClasspath": {
        "com.netflix.nebula:nebula-release-plugin": {
            "locked": "4.1.1",
            "requested": "4.1.1"
        },
        "com.netflix.nebula:nebula-test": {
            "locked": "5.0.0",
            "requested": "5.0.0"
        }
    },
    "integTestCompileOnly": {
        "com.netflix.nebula:nebula-release-plugin": {
            "locked": "4.1.1",
            "requested": "4.1.1"
        },
        "com.netflix.nebula:nebula-test": {
            "locked": "5.0.0",
            "requested": "5.0.0"
        }
    },
    "integTestRuntime": {
        "com.netflix.nebula:nebula-release-plugin": {
            "locked": "4.1.1",
            "requested": "4.1.1"
        },
        "com.netflix.nebula:nebula-test": {
            "locked": "5.0.0",
            "requested": "5.0.0"
        }
    },
    "jacocoAgent": {
        "org.jacoco:org.jacoco.agent": {
            "locked": "0.7.7.201606060606"
        }
    },
    "jacocoAnt": {
        "org.jacoco:org.jacoco.ant": {
            "locked": "0.7.7.201606060606"
        }
    },
    "runtime": {
        "com.netflix.nebula:nebula-release-plugin": {
            "locked": "4.1.1",
            "requested": "4.1.1"
        }
    },
    "testCompile": {
        "com.netflix.nebula:nebula-release-plugin": {
            "locked": "4.1.1",
            "requested": "4.1.1"
        },
        "com.netflix.nebula:nebula-test": {
            "locked": "5.0.0",
            "requested": "5.0.0"
        }
    },
    "testCompileClasspath": {
        "com.netflix.nebula:nebula-release-plugin": {
            "locked": "4.1.1",
            "requested": "4.1.1"
        },
        "com.netflix.nebula:nebula-test": {
            "locked": "5.0.0",
            "requested": "5.0.0"
        }
    },
    "testCompileOnly": {
        "com.netflix.nebula:nebula-release-plugin": {
            "locked": "4.1.1",
            "requested": "4.1.1"
        },
        "com.netflix.nebula:nebula-test": {
            "locked": "5.0.0",
            "requested": "5.0.0"
        }
    },
    "testRuntime": {
        "com.netflix.nebula:nebula-release-plugin": {
            "locked": "4.1.1",
            "requested": "4.1.1"
        },
        "com.netflix.nebula:nebula-test": {
            "locked": "5.0.0",
            "requested": "5.0.0"
        }
    }
}